{
  "name": "dotlabs-openapi-web",
  "version": "1.0.0",
  "lockfileVersion": 2,
  "requires": true,
  "packages": {
    "": {
      "name": "dotlabs-openapi-web",
      "version": "1.0.0",
      "license": "MIT",
      "dependencies": {
        "swagger-ui-dist": "4.14.2"
      }
    },
    "node_modules/swagger-ui-dist": {
      "version": "4.14.2",
      "resolved": "https://registry.npmjs.org/swagger-ui-dist/-/swagger-ui-dist-4.14.2.tgz",
      "integrity": "sha512-kOIU7Ts3TrXDLb3/c9jRe4qGp8O3bRT19FFJA8wJfrRFkcK/4atPn3krhtBVJ57ZkNNofworXHxuYwmaisXBdg=="
    }
  },
  "dependencies": {
    "swagger-ui-dist": {
      "version": "4.14.2",
      "resolved": "https://registry.npmjs.org/swagger-ui-dist/-/swagger-ui-dist-4.14.2.tgz",
      "integrity": "sha512-kOIU7Ts3TrXDLb3/c9jRe4qGp8O3bRT19FFJA8wJfrRFkcK/4atPn3krhtBVJ57ZkNNofworXHxuYwmaisXBdg=="
    }
  }
}
