{
  "name": "openapi-io",
  "version": "1.0.0",
  "lockfileVersion": 2,
  "requires": true,
  "packages": {
    "": {
      "name": "openapi-io",
      "version": "1.0.0",
      "license": "ISC",
      "dependencies": {
        "swagger-ui-dist": "^4.14.2"
      }
    },
    "node_modules/swagger-ui-dist": {
      "version": "4.14.2",
      "resolved": "https://fileandserve.pkgs.visualstudio.com/_packaging/FileAndServe/npm/registry/swagger-ui-dist/-/swagger-ui-dist-4.14.2.tgz",
      "integrity": "sha1-+8rMfvrmTJT3M1gQ1+6Pk7bGVAA=",
      "license": "Apache-2.0"
    }
  },
  "dependencies": {
    "swagger-ui-dist": {
      "version": "4.14.2",
      "resolved": "https://fileandserve.pkgs.visualstudio.com/_packaging/FileAndServe/npm/registry/swagger-ui-dist/-/swagger-ui-dist-4.14.2.tgz",
      "integrity": "sha1-+8rMfvrmTJT3M1gQ1+6Pk7bGVAA="
    }
  }
}
